
Microsoft Visual Studio Solution File, Format Version 12.00
# Visual Studio Version 17
VisualStudioVersion = 17.3.32901.215
MinimumVisualStudioVersion = 10.0.40219.1
Project("{9A19103F-16F7-4668-BE54-9A1E7A4F7556}") = "API", "API\API.csproj", "{23D70811-E4B1-4090-B23C-809FA1BD0A32}"
EndProject
Project("{9A19103F-16F7-4668-BE54-9A1E7A4F7556}") = "DataAccess", "DataAccess\DataAccess.csproj", "{EEAF8FD0-232E-4A06-A05C-5412281E5AEA}"
EndProject
Project("{9A19103F-16F7-4668-BE54-9A1E7A4F7556}") = "Server", "Server\Server.csproj", "{D6A3E983-3EB1-4045-AFEA-58AD7D08E803}"
EndProject
Project("{9A19103F-16F7-4668-BE54-9A1E7A4F7556}") = "Client", "Client\Client.csproj", "{514F0BB9-60B6-4206-BB7A-189E5EDE198B}"
EndProject
Global
	GlobalSection(SolutionConfigurationPlatforms) = preSolution
		Debug|Any CPU = Debug|Any CPU
		Release|Any CPU = Release|Any CPU
	EndGlobalSection
	GlobalSection(ProjectConfigurationPlatforms) = postSolution
		{23D70811-E4B1-4090-B23C-809FA1BD0A32}.Debug|Any CPU.ActiveCfg = Debug|Any CPU
		{23D70811-E4B1-4090-B23C-809FA1BD0A32}.Debug|Any CPU.Build.0 = Debug|Any CPU
		{23D70811-E4B1-4090-B23C-809FA1BD0A32}.Release|Any CPU.ActiveCfg = Release|Any CPU
		{23D70811-E4B1-4090-B23C-809FA1BD0A32}.Release|Any CPU.Build.0 = Release|Any CPU
		{EEAF8FD0-232E-4A06-A05C-5412281E5AEA}.Debug|Any CPU.ActiveCfg = Debug|Any CPU
		{EEAF8FD0-232E-4A06-A05C-5412281E5AEA}.Debug|Any CPU.Build.0 = Debug|Any CPU
		{EEAF8FD0-232E-4A06-A05C-5412281E5AEA}.Release|Any CPU.ActiveCfg = Release|Any CPU
		{EEAF8FD0-232E-4A06-A05C-5412281E5AEA}.Release|Any CPU.Build.0 = Release|Any CPU
		{D6A3E983-3EB1-4045-AFEA-58AD7D08E803}.Debug|Any CPU.ActiveCfg = Debug|Any CPU
		{D6A3E983-3EB1-4045-AFEA-58AD7D08E803}.Debug|Any CPU.Build.0 = Debug|Any CPU
		{D6A3E983-3EB1-4045-AFEA-58AD7D08E803}.Release|Any CPU.ActiveCfg = Release|Any CPU
		{D6A3E983-3EB1-4045-AFEA-58AD7D08E803}.Release|Any CPU.Build.0 = Release|Any CPU
		{514F0BB9-60B6-4206-BB7A-189E5EDE198B}.Debug|Any CPU.ActiveCfg = Debug|Any CPU
		{514F0BB9-60B6-4206-BB7A-189E5EDE198B}.Debug|Any CPU.Build.0 = Debug|Any CPU
		{514F0BB9-60B6-4206-BB7A-189E5EDE198B}.Release|Any CPU.ActiveCfg = Release|Any CPU
		{514F0BB9-60B6-4206-BB7A-189E5EDE198B}.Release|Any CPU.Build.0 = Release|Any CPU
	EndGlobalSection
	GlobalSection(SolutionProperties) = preSolution
		HideSolutionNode = FALSE
	EndGlobalSection
	GlobalSection(ExtensibilityGlobals) = postSolution
		SolutionGuid = {FE0F295B-4EEF-4660-8891-73ACEA667FF8}
	EndGlobalSection
EndGlobal
